{
  "name": "go-ingnerd-backend",
  "lockfileVersion": 3,
  "requires": true,
  "packages": {
    "": {
      "devDependencies": {
        "dbmate": "^2.16.0"
      }
    },
    "node_modules/@dbmate/darwin-arm64": {
      "version": "2.16.0",
      "resolved": "https://registry.npmjs.org/@dbmate/darwin-arm64/-/darwin-arm64-2.16.0.tgz",
      "integrity": "sha512-dBF+mB/9wV3oW8HGNhktO67W64dqV1PxytR6628haoUJs02ZXECmtnlYUZaEAVq2ugYNXDXo8OquoVbNmPiJpA==",
      "cpu": [
        "arm64"
      ],
      "dev": true,
      "optional": true,
      "os": [
        "darwin"
      ]
    },
    "node_modules/@dbmate/darwin-x64": {
      "version": "2.16.0",
      "resolved": "https://registry.npmjs.org/@dbmate/darwin-x64/-/darwin-x64-2.16.0.tgz",
      "integrity": "sha512-J+0o9nIThhZEUNOwiZtbN7WX7f+xkxVb+zFgEaKTIu8sdRnkt+e8FkHUjusnC6CbM41QGukjl+kN6XSYK4Mclg==",
      "cpu": [
        "x64"
      ],
      "dev": true,
      "optional": true,
      "os": [
        "darwin"
      ]
    },
    "node_modules/@dbmate/linux-arm": {
      "version": "2.16.0",
      "resolved": "https://registry.npmjs.org/@dbmate/linux-arm/-/linux-arm-2.16.0.tgz",
      "integrity": "sha512-HvX73JZ81HJjrgoyhX2wHkE85tJVcbuhLiC+MEGNg21RR0pY+9bxUEqcnvF0CDWGq8ebfNG6kubL3Y7D80x5XA==",
      "cpu": [
        "arm"
      ],
      "dev": true,
      "optional": true,
      "os": [
        "linux"
      ]
    },
    "node_modules/@dbmate/linux-arm64": {
      "version": "2.16.0",
      "resolved": "https://registry.npmjs.org/@dbmate/linux-arm64/-/linux-arm64-2.16.0.tgz",
      "integrity": "sha512-z9RwHouwfaV0/g0VZ0Uv1sPlKDLOjgHL00Ul8k5RUPx1k7IJJLqw+Q0PUdTMLiN0kWY84Fw7RXDKR9Uqrv6JMA==",
      "cpu": [
        "arm64"
      ],
      "dev": true,
      "optional": true,
      "os": [
        "linux"
      ]
    },
    "node_modules/@dbmate/linux-ia32": {
      "version": "2.16.0",
      "resolved": "https://registry.npmjs.org/@dbmate/linux-ia32/-/linux-ia32-2.16.0.tgz",
      "integrity": "sha512-J4+KFhOW421QIP+j/dTORGu0dGgCOQvpqxuCjXTUWyrtaOJzjxxTMiSPQMo8DC4gC/SZNRg8iWNI0FpCCKZeEA==",
      "cpu": [
        "ia32"
      ],
      "dev": true,
      "optional": true,
      "os": [
        "linux"
      ]
    },
    "node_modules/@dbmate/linux-x64": {
      "version": "2.16.0",
      "resolved": "https://registry.npmjs.org/@dbmate/linux-x64/-/linux-x64-2.16.0.tgz",
      "integrity": "sha512-oOfWrELgZfuqnD//Si2jbX8Q1NYbW3I6M6PhR3lYrN8aYUdaOYeQc18fkCJmMFgqciNCx1ztw71PO+9hWawMDg==",
      "cpu": [
        "x64"
      ],
      "dev": true,
      "optional": true,
      "os": [
        "linux"
      ]
    },
    "node_modules/@dbmate/win32-x64": {
      "version": "2.16.0",
      "resolved": "https://registry.npmjs.org/@dbmate/win32-x64/-/win32-x64-2.16.0.tgz",
      "integrity": "sha512-+IzqJTZzfW0eZGKm0RkUoCFiUj7siEpqhRW84rJQuPOI52deG+EcdLUHMNXFMnYP89YaN4+y6D9B/L6RY9LGZg==",
      "cpu": [
        "x64"
      ],
      "dev": true,
      "optional": true,
      "os": [
        "win32"
      ]
    },
    "node_modules/dbmate": {
      "version": "2.16.0",
      "resolved": "https://registry.npmjs.org/dbmate/-/dbmate-2.16.0.tgz",
      "integrity": "sha512-wUcF7mWmJBfiB1Ui555rBHEDoBcWtshxUsc88nWtZnDZ9GSr0KY3hnrv3zjcw+afqFtnoRgFn8cqQpK4ePRW3w==",
      "dev": true,
      "bin": {
        "dbmate": "dist/cli.js"
      },
      "optionalDependencies": {
        "@dbmate/darwin-arm64": "2.16.0",
        "@dbmate/darwin-x64": "2.16.0",
        "@dbmate/linux-arm": "2.16.0",
        "@dbmate/linux-arm64": "2.16.0",
        "@dbmate/linux-ia32": "2.16.0",
        "@dbmate/linux-x64": "2.16.0",
        "@dbmate/win32-x64": "2.16.0"
      }
    }
  }
}
